
Microsoft Visual Studio Solution File, Format Version 12.00
# Visual Studio Version 17
VisualStudioVersion = 17.0.31912.275
MinimumVisualStudioVersion = 10.0.40219.1
Project("{9A19103F-16F7-4668-BE54-9A1E7A4F7556}") = "WeTools.ShopeeSDK", "WeTools.ShopeeSDK.csproj", "{02A8BB3D-1E9D-4D25-9F7D-F21467F68CFA}"
EndProject
Project("{9A19103F-16F7-4668-BE54-9A1E7A4F7556}") = "JohoHubWebBuilder", "..\JohoHubWebBuilder\JohoHubWebBuilder\JohoHubWebBuilder.csproj", "{FAC22911-FFFB-4EE6-B8FF-F8855556CE10}"
EndProject
Global
	GlobalSection(SolutionConfigurationPlatforms) = preSolution
		Debug|Any CPU = Debug|Any CPU
		Release|Any CPU = Release|Any CPU
	EndGlobalSection
	GlobalSection(ProjectConfigurationPlatforms) = postSolution
		{02A8BB3D-1E9D-4D25-9F7D-F21467F68CFA}.Debug|Any CPU.ActiveCfg = Debug|Any CPU
		{02A8BB3D-1E9D-4D25-9F7D-F21467F68CFA}.Debug|Any CPU.Build.0 = Debug|Any CPU
		{02A8BB3D-1E9D-4D25-9F7D-F21467F68CFA}.Release|Any CPU.ActiveCfg = Release|Any CPU
		{02A8BB3D-1E9D-4D25-9F7D-F21467F68CFA}.Release|Any CPU.Build.0 = Release|Any CPU
		{FAC22911-FFFB-4EE6-B8FF-F8855556CE10}.Debug|Any CPU.ActiveCfg = Debug|Any CPU
		{FAC22911-FFFB-4EE6-B8FF-F8855556CE10}.Debug|Any CPU.Build.0 = Debug|Any CPU
		{FAC22911-FFFB-4EE6-B8FF-F8855556CE10}.Release|Any CPU.ActiveCfg = Release|Any CPU
		{FAC22911-FFFB-4EE6-B8FF-F8855556CE10}.Release|Any CPU.Build.0 = Release|Any CPU
	EndGlobalSection
	GlobalSection(SolutionProperties) = preSolution
		HideSolutionNode = FALSE
	EndGlobalSection
	GlobalSection(ExtensibilityGlobals) = postSolution
		SolutionGuid = {D77BFD99-3B4F-434A-A032-0E798663F8A1}
	EndGlobalSection
EndGlobal
